
Microsoft Visual Studio Solution File, Format Version 12.00
# Visual Studio Version 17
VisualStudioVersion = 17.0.31903.59
MinimumVisualStudioVersion = 10.0.40219.1
Project("{FAE04EC0-301F-11D3-BF4B-00C04F79EFBC}") = "API", "API\API.csproj", "{AECDFA20-A268-499E-9919-7C6ECDF66FDA}"
EndProject
Project("{FAE04EC0-301F-11D3-BF4B-00C04F79EFBC}") = "Domain", "Domain\Domain.csproj", "{B0938773-99E0-425A-98E0-612EF30B9DD8}"
EndProject
Project("{FAE04EC0-301F-11D3-BF4B-00C04F79EFBC}") = "Application", "Application\Application.csproj", "{C6AFE0E1-0C7D-4B76-85B0-1C3229B89ED9}"
EndProject
Project("{FAE04EC0-301F-11D3-BF4B-00C04F79EFBC}") = "Persistence", "Persistence\Persistence.csproj", "{CFE9C2DD-AA6B-41CC-B7CD-26CC3A55CD8B}"
EndProject
Global
	GlobalSection(SolutionConfigurationPlatforms) = preSolution
		Debug|Any CPU = Debug|Any CPU
		Debug|x64 = Debug|x64
		Debug|x86 = Debug|x86
		Release|Any CPU = Release|Any CPU
		Release|x64 = Release|x64
		Release|x86 = Release|x86
	EndGlobalSection
	GlobalSection(ProjectConfigurationPlatforms) = postSolution
		{AECDFA20-A268-499E-9919-7C6ECDF66FDA}.Debug|Any CPU.ActiveCfg = Debug|Any CPU
		{AECDFA20-A268-499E-9919-7C6ECDF66FDA}.Debug|Any CPU.Build.0 = Debug|Any CPU
		{AECDFA20-A268-499E-9919-7C6ECDF66FDA}.Debug|x64.ActiveCfg = Debug|Any CPU
		{AECDFA20-A268-499E-9919-7C6ECDF66FDA}.Debug|x64.Build.0 = Debug|Any CPU
		{AECDFA20-A268-499E-9919-7C6ECDF66FDA}.Debug|x86.ActiveCfg = Debug|Any CPU
		{AECDFA20-A268-499E-9919-7C6ECDF66FDA}.Debug|x86.Build.0 = Debug|Any CPU
		{AECDFA20-A268-499E-9919-7C6ECDF66FDA}.Release|Any CPU.ActiveCfg = Release|Any CPU
		{AECDFA20-A268-499E-9919-7C6ECDF66FDA}.Release|Any CPU.Build.0 = Release|Any CPU
		{AECDFA20-A268-499E-9919-7C6ECDF66FDA}.Release|x64.ActiveCfg = Release|Any CPU
		{AECDFA20-A268-499E-9919-7C6ECDF66FDA}.Release|x64.Build.0 = Release|Any CPU
		{AECDFA20-A268-499E-9919-7C6ECDF66FDA}.Release|x86.ActiveCfg = Release|Any CPU
		{AECDFA20-A268-499E-9919-7C6ECDF66FDA}.Release|x86.Build.0 = Release|Any CPU
		{B0938773-99E0-425A-98E0-612EF30B9DD8}.Debug|Any CPU.ActiveCfg = Debug|Any CPU
		{B0938773-99E0-425A-98E0-612EF30B9DD8}.Debug|Any CPU.Build.0 = Debug|Any CPU
		{B0938773-99E0-425A-98E0-612EF30B9DD8}.Debug|x64.ActiveCfg = Debug|Any CPU
		{B0938773-99E0-425A-98E0-612EF30B9DD8}.Debug|x64.Build.0 = Debug|Any CPU
		{B0938773-99E0-425A-98E0-612EF30B9DD8}.Debug|x86.ActiveCfg = Debug|Any CPU
		{B0938773-99E0-425A-98E0-612EF30B9DD8}.Debug|x86.Build.0 = Debug|Any CPU
		{B0938773-99E0-425A-98E0-612EF30B9DD8}.Release|Any CPU.ActiveCfg = Release|Any CPU
		{B0938773-99E0-425A-98E0-612EF30B9DD8}.Release|Any CPU.Build.0 = Release|Any CPU
		{B0938773-99E0-425A-98E0-612EF30B9DD8}.Release|x64.ActiveCfg = Release|Any CPU
		{B0938773-99E0-425A-98E0-612EF30B9DD8}.Release|x64.Build.0 = Release|Any CPU
		{B0938773-99E0-425A-98E0-612EF30B9DD8}.Release|x86.ActiveCfg = Release|Any CPU
		{B0938773-99E0-425A-98E0-612EF30B9DD8}.Release|x86.Build.0 = Release|Any CPU
		{C6AFE0E1-0C7D-4B76-85B0-1C3229B89ED9}.Debug|Any CPU.ActiveCfg = Debug|Any CPU
		{C6AFE0E1-0C7D-4B76-85B0-1C3229B89ED9}.Debug|Any CPU.Build.0 = Debug|Any CPU
		{C6AFE0E1-0C7D-4B76-85B0-1C3229B89ED9}.Debug|x64.ActiveCfg = Debug|Any CPU
		{C6AFE0E1-0C7D-4B76-85B0-1C3229B89ED9}.Debug|x64.Build.0 = Debug|Any CPU
		{C6AFE0E1-0C7D-4B76-85B0-1C3229B89ED9}.Debug|x86.ActiveCfg = Debug|Any CPU
		{C6AFE0E1-0C7D-4B76-85B0-1C3229B89ED9}.Debug|x86.Build.0 = Debug|Any CPU
		{C6AFE0E1-0C7D-4B76-85B0-1C3229B89ED9}.Release|Any CPU.ActiveCfg = Release|Any CPU
		{C6AFE0E1-0C7D-4B76-85B0-1C3229B89ED9}.Release|Any CPU.Build.0 = Release|Any CPU
		{C6AFE0E1-0C7D-4B76-85B0-1C3229B89ED9}.Release|x64.ActiveCfg = Release|Any CPU
		{C6AFE0E1-0C7D-4B76-85B0-1C3229B89ED9}.Release|x64.Build.0 = Release|Any CPU
		{C6AFE0E1-0C7D-4B76-85B0-1C3229B89ED9}.Release|x86.ActiveCfg = Release|Any CPU
		{C6AFE0E1-0C7D-4B76-85B0-1C3229B89ED9}.Release|x86.Build.0 = Release|Any CPU
		{CFE9C2DD-AA6B-41CC-B7CD-26CC3A55CD8B}.Debug|Any CPU.ActiveCfg = Debug|Any CPU
		{CFE9C2DD-AA6B-41CC-B7CD-26CC3A55CD8B}.Debug|Any CPU.Build.0 = Debug|Any CPU
		{CFE9C2DD-AA6B-41CC-B7CD-26CC3A55CD8B}.Debug|x64.ActiveCfg = Debug|Any CPU
		{CFE9C2DD-AA6B-41CC-B7CD-26CC3A55CD8B}.Debug|x64.Build.0 = Debug|Any CPU
		{CFE9C2DD-AA6B-41CC-B7CD-26CC3A55CD8B}.Debug|x86.ActiveCfg = Debug|Any CPU
		{CFE9C2DD-AA6B-41CC-B7CD-26CC3A55CD8B}.Debug|x86.Build.0 = Debug|Any CPU
		{CFE9C2DD-AA6B-41CC-B7CD-26CC3A55CD8B}.Release|Any CPU.ActiveCfg = Release|Any CPU
		{CFE9C2DD-AA6B-41CC-B7CD-26CC3A55CD8B}.Release|Any CPU.Build.0 = Release|Any CPU
		{CFE9C2DD-AA6B-41CC-B7CD-26CC3A55CD8B}.Release|x64.ActiveCfg = Release|Any CPU
		{CFE9C2DD-AA6B-41CC-B7CD-26CC3A55CD8B}.Release|x64.Build.0 = Release|Any CPU
		{CFE9C2DD-AA6B-41CC-B7CD-26CC3A55CD8B}.Release|x86.ActiveCfg = Release|Any CPU
		{CFE9C2DD-AA6B-41CC-B7CD-26CC3A55CD8B}.Release|x86.Build.0 = Release|Any CPU
	EndGlobalSection
	GlobalSection(SolutionProperties) = preSolution
		HideSolutionNode = FALSE
	EndGlobalSection
EndGlobal
